
Microsoft Visual Studio Solution File, Format Version 12.00
# Visual Studio 15
Project("{FAE04EC0-301F-11D3-BF4B-00C04F79EFBC}") = "IPLTournament", "IPLTournament\IPLTournament.csproj", "{EE588E56-04C5-4F4E-A11C-5ACC0E7D23CD}"
EndProject
Project("{FAE04EC0-301F-11D3-BF4B-00C04F79EFBC}") = "IPLTournament.Tests", "IPLTournament.Tests\IPLTournament.Tests.csproj", "{E1BC6F9A-0317-4562-921E-EDAA5FAB1ACE}"
EndProject
Global
	GlobalSection(SolutionConfigurationPlatforms) = preSolution
		Debug|Any CPU = Debug|Any CPU
		Release|Any CPU = Release|Any CPU
	EndGlobalSection
	GlobalSection(ProjectConfigurationPlatforms) = postSolution
		{EE588E56-04C5-4F4E-A11C-5ACC0E7D23CD}.Debug|Any CPU.ActiveCfg = Debug|Any CPU
		{EE588E56-04C5-4F4E-A11C-5ACC0E7D23CD}.Debug|Any CPU.Build.0 = Debug|Any CPU
		{EE588E56-04C5-4F4E-A11C-5ACC0E7D23CD}.Release|Any CPU.ActiveCfg = Release|Any CPU
		{EE588E56-04C5-4F4E-A11C-5ACC0E7D23CD}.Release|Any CPU.Build.0 = Release|Any CPU
		{E1BC6F9A-0317-4562-921E-EDAA5FAB1ACE}.Debug|Any CPU.ActiveCfg = Debug|Any CPU
		{E1BC6F9A-0317-4562-921E-EDAA5FAB1ACE}.Debug|Any CPU.Build.0 = Debug|Any CPU
		{E1BC6F9A-0317-4562-921E-EDAA5FAB1ACE}.Release|Any CPU.ActiveCfg = Release|Any CPU
		{E1BC6F9A-0317-4562-921E-EDAA5FAB1ACE}.Release|Any CPU.Build.0 = Release|Any CPU
	EndGlobalSection
EndGlobal
